
Microsoft Visual Studio Solution File, Format Version 12.00
# Visual Studio Version 17
VisualStudioVersion = 17.5.33530.505
MinimumVisualStudioVersion = 10.0.40219.1
Project("{9A19103F-16F7-4668-BE54-9A1E7A4F7556}") = "Cadastro_1", "Cadastro_!\Cadastro_1.csproj", "{D5AB16B7-CFF9-42E8-82C8-F4B715AE6F2F}"
EndProject
Global
	GlobalSection(SolutionConfigurationPlatforms) = preSolution
		Debug|Any CPU = Debug|Any CPU
		Release|Any CPU = Release|Any CPU
	EndGlobalSection
	GlobalSection(ProjectConfigurationPlatforms) = postSolution
		{D5AB16B7-CFF9-42E8-82C8-F4B715AE6F2F}.Debug|Any CPU.ActiveCfg = Debug|Any CPU
		{D5AB16B7-CFF9-42E8-82C8-F4B715AE6F2F}.Debug|Any CPU.Build.0 = Debug|Any CPU
		{D5AB16B7-CFF9-42E8-82C8-F4B715AE6F2F}.Release|Any CPU.ActiveCfg = Release|Any CPU
		{D5AB16B7-CFF9-42E8-82C8-F4B715AE6F2F}.Release|Any CPU.Build.0 = Release|Any CPU
	EndGlobalSection
	GlobalSection(SolutionProperties) = preSolution
		HideSolutionNode = FALSE
	EndGlobalSection
	GlobalSection(ExtensibilityGlobals) = postSolution
		SolutionGuid = {092AFA85-AF84-481D-A270-4FC10BBA5B59}
	EndGlobalSection
EndGlobal
